
Microsoft Visual Studio Solution File, Format Version 12.00
# Visual Studio Version 17
VisualStudioVersion = 17.11.35219.272
MinimumVisualStudioVersion = 10.0.40219.1
Project("{FAE04EC0-301F-11D3-BF4B-00C04F79EFBC}") = "contosouni", "contosouni\contosouni.csproj", "{D3AA0DB5-B3F9-4773-AE6E-040E7E2E30E3}"
EndProject
Global
	GlobalSection(SolutionConfigurationPlatforms) = preSolution
		Debug|Any CPU = Debug|Any CPU
		Release|Any CPU = Release|Any CPU
	EndGlobalSection
	GlobalSection(ProjectConfigurationPlatforms) = postSolution
		{D3AA0DB5-B3F9-4773-AE6E-040E7E2E30E3}.Debug|Any CPU.ActiveCfg = Debug|Any CPU
		{D3AA0DB5-B3F9-4773-AE6E-040E7E2E30E3}.Debug|Any CPU.Build.0 = Debug|Any CPU
		{D3AA0DB5-B3F9-4773-AE6E-040E7E2E30E3}.Release|Any CPU.ActiveCfg = Release|Any CPU
		{D3AA0DB5-B3F9-4773-AE6E-040E7E2E30E3}.Release|Any CPU.Build.0 = Release|Any CPU
	EndGlobalSection
	GlobalSection(SolutionProperties) = preSolution
		HideSolutionNode = FALSE
	EndGlobalSection
	GlobalSection(ExtensibilityGlobals) = postSolution
		SolutionGuid = {6F84E9A3-0A74-4DF0-85A4-A2DF1D6D26BB}
	EndGlobalSection
EndGlobal
